
Microsoft Visual Studio Solution File, Format Version 12.00
# Visual Studio Version 17
VisualStudioVersion = 17.8.34316.72
MinimumVisualStudioVersion = 10.0.40219.1
Project("{FAE04EC0-301F-11D3-BF4B-00C04F79EFBC}") = "TodoWebApp", "TodoWebApp\TodoWebApp.csproj", "{8F44BB61-824C-4ACC-AF85-535732D615F7}"
EndProject
Global
	GlobalSection(SolutionConfigurationPlatforms) = preSolution
		Debug|Any CPU = Debug|Any CPU
		Release|Any CPU = Release|Any CPU
	EndGlobalSection
	GlobalSection(ProjectConfigurationPlatforms) = postSolution
		{8F44BB61-824C-4ACC-AF85-535732D615F7}.Debug|Any CPU.ActiveCfg = Debug|Any CPU
		{8F44BB61-824C-4ACC-AF85-535732D615F7}.Debug|Any CPU.Build.0 = Debug|Any CPU
		{8F44BB61-824C-4ACC-AF85-535732D615F7}.Release|Any CPU.ActiveCfg = Release|Any CPU
		{8F44BB61-824C-4ACC-AF85-535732D615F7}.Release|Any CPU.Build.0 = Release|Any CPU
	EndGlobalSection
	GlobalSection(SolutionProperties) = preSolution
		HideSolutionNode = FALSE
	EndGlobalSection
	GlobalSection(ExtensibilityGlobals) = postSolution
		SolutionGuid = {E45153BD-5B94-43B6-9E09-D4BE8F68B896}
	EndGlobalSection
EndGlobal
